
Microsoft Visual Studio Solution File, Format Version 12.00
# Visual Studio 15
VisualStudioVersion = 15.0.27703.2047
MinimumVisualStudioVersion = 10.0.40219.1
Project("{FAE04EC0-301F-11D3-BF4B-00C04F79EFBC}") = "WebHotel", "WebHotel\WebHotel.csproj", "{1D2AEC20-FE62-45DB-9AEC-9DAA74604CDC}"
EndProject
Global
	GlobalSection(SolutionConfigurationPlatforms) = preSolution
		Debug|Any CPU = Debug|Any CPU
		Release|Any CPU = Release|Any CPU
	EndGlobalSection
	GlobalSection(ProjectConfigurationPlatforms) = postSolution
		{1D2AEC20-FE62-45DB-9AEC-9DAA74604CDC}.Debug|Any CPU.ActiveCfg = Debug|Any CPU
		{1D2AEC20-FE62-45DB-9AEC-9DAA74604CDC}.Debug|Any CPU.Build.0 = Debug|Any CPU
		{1D2AEC20-FE62-45DB-9AEC-9DAA74604CDC}.Release|Any CPU.ActiveCfg = Release|Any CPU
		{1D2AEC20-FE62-45DB-9AEC-9DAA74604CDC}.Release|Any CPU.Build.0 = Release|Any CPU
	EndGlobalSection
	GlobalSection(SolutionProperties) = preSolution
		HideSolutionNode = FALSE
	EndGlobalSection
	GlobalSection(ExtensibilityGlobals) = postSolution
		SolutionGuid = {CCBD3118-A190-4BDC-B08C-3E97D8EC5D26}
	EndGlobalSection
EndGlobal
